
Microsoft Visual Studio Solution File, Format Version 12.00
# Visual Studio Version 17
VisualStudioVersion = 17.3.32922.545
MinimumVisualStudioVersion = 10.0.40219.1
Project("{9A19103F-16F7-4668-BE54-9A1E7A4F7556}") = "Finance.Business", "Finance.Business\Finance.Business.csproj", "{0E66FF4E-24B9-4180-BF95-DD3FA117231F}"
EndProject
Project("{9A19103F-16F7-4668-BE54-9A1E7A4F7556}") = "Finance.Data", "Finance.Data\Finance.Data.csproj", "{0D4A4B30-8015-4997-9A58-D3AD6696F8CB}"
EndProject
Project("{9A19103F-16F7-4668-BE54-9A1E7A4F7556}") = "Finance.Core", "Finance.Core\Finance.Core.csproj", "{19850FBF-D482-4CC9-AF2C-F3386DDFE45A}"
EndProject
Global
	GlobalSection(SolutionConfigurationPlatforms) = preSolution
		Debug|Any CPU = Debug|Any CPU
		Release|Any CPU = Release|Any CPU
	EndGlobalSection
	GlobalSection(ProjectConfigurationPlatforms) = postSolution
		{0E66FF4E-24B9-4180-BF95-DD3FA117231F}.Debug|Any CPU.ActiveCfg = Debug|Any CPU
		{0E66FF4E-24B9-4180-BF95-DD3FA117231F}.Debug|Any CPU.Build.0 = Debug|Any CPU
		{0E66FF4E-24B9-4180-BF95-DD3FA117231F}.Release|Any CPU.ActiveCfg = Release|Any CPU
		{0E66FF4E-24B9-4180-BF95-DD3FA117231F}.Release|Any CPU.Build.0 = Release|Any CPU
		{0D4A4B30-8015-4997-9A58-D3AD6696F8CB}.Debug|Any CPU.ActiveCfg = Debug|Any CPU
		{0D4A4B30-8015-4997-9A58-D3AD6696F8CB}.Debug|Any CPU.Build.0 = Debug|Any CPU
		{0D4A4B30-8015-4997-9A58-D3AD6696F8CB}.Release|Any CPU.ActiveCfg = Release|Any CPU
		{0D4A4B30-8015-4997-9A58-D3AD6696F8CB}.Release|Any CPU.Build.0 = Release|Any CPU
		{19850FBF-D482-4CC9-AF2C-F3386DDFE45A}.Debug|Any CPU.ActiveCfg = Debug|Any CPU
		{19850FBF-D482-4CC9-AF2C-F3386DDFE45A}.Debug|Any CPU.Build.0 = Debug|Any CPU
		{19850FBF-D482-4CC9-AF2C-F3386DDFE45A}.Release|Any CPU.ActiveCfg = Release|Any CPU
		{19850FBF-D482-4CC9-AF2C-F3386DDFE45A}.Release|Any CPU.Build.0 = Release|Any CPU
	EndGlobalSection
	GlobalSection(SolutionProperties) = preSolution
		HideSolutionNode = FALSE
	EndGlobalSection
	GlobalSection(ExtensibilityGlobals) = postSolution
		SolutionGuid = {250C7A07-02F8-4EBA-88B3-6BEDB910B655}
	EndGlobalSection
EndGlobal
