
Microsoft Visual Studio Solution File, Format Version 12.00
# Visual Studio Version 17
VisualStudioVersion = 17.3.32922.545
MinimumVisualStudioVersion = 10.0.40219.1
Project("{9A19103F-16F7-4668-BE54-9A1E7A4F7556}") = "Finance.Business", "Finance.Business\Finance.Business.csproj", "{0E66FF4E-24B9-4180-BF95-DD3FA117231F}"
EndProject
Project("{9A19103F-16F7-4668-BE54-9A1E7A4F7556}") = "Finance.Data", "Finance.Data\Finance.Data.csproj", "{0D4A4B30-8015-4997-9A58-D3AD6696F8CB}"
EndProject
Project("{9A19103F-16F7-4668-BE54-9A1E7A4F7556}") = "Finance.Core", "Finance.Core\Finance.Core.csproj", "{19850FBF-D482-4CC9-AF2C-F3386DDFE45A}"
EndProject
Project("{9A19103F-16F7-4668-BE54-9A1E7A4F7556}") = "Finance.Bot.Business", "Finance.Bot.Business\Finance.Bot.Business.csproj", "{9B48199B-DB71-461B-AA94-FCE7A6E1C11C}"
EndProject
Project("{9A19103F-16F7-4668-BE54-9A1E7A4F7556}") = "Finance.Bot.Data", "Finance.Bot.Data\Finance.Bot.Data.csproj", "{C3953581-9259-44A9-A54A-C6827DE01A41}"
EndProject
Project("{9A19103F-16F7-4668-BE54-9A1E7A4F7556}") = "Finance.Bot.Business.Tests", "Finance.Bot.Business.Tests\Finance.Bot.Business.Tests.csproj", "{FF7E2D2E-ABCF-4835-81A4-C564C53311E9}"
EndProject
Project("{FAE04EC0-301F-11D3-BF4B-00C04F79EFBC}") = "Finance.Bot.Telegram", "Finance.Bot.Telegram\Finance.Bot.Telegram.csproj", "{699B36DF-4699-43E1-81A4-91A2A0F6409A}"
EndProject
Global
	GlobalSection(SolutionConfigurationPlatforms) = preSolution
		Debug|Any CPU = Debug|Any CPU
		Release|Any CPU = Release|Any CPU
	EndGlobalSection
	GlobalSection(ProjectConfigurationPlatforms) = postSolution
		{0E66FF4E-24B9-4180-BF95-DD3FA117231F}.Debug|Any CPU.ActiveCfg = Debug|Any CPU
		{0E66FF4E-24B9-4180-BF95-DD3FA117231F}.Debug|Any CPU.Build.0 = Debug|Any CPU
		{0E66FF4E-24B9-4180-BF95-DD3FA117231F}.Release|Any CPU.ActiveCfg = Release|Any CPU
		{0E66FF4E-24B9-4180-BF95-DD3FA117231F}.Release|Any CPU.Build.0 = Release|Any CPU
		{0D4A4B30-8015-4997-9A58-D3AD6696F8CB}.Debug|Any CPU.ActiveCfg = Debug|Any CPU
		{0D4A4B30-8015-4997-9A58-D3AD6696F8CB}.Debug|Any CPU.Build.0 = Debug|Any CPU
		{0D4A4B30-8015-4997-9A58-D3AD6696F8CB}.Release|Any CPU.ActiveCfg = Release|Any CPU
		{0D4A4B30-8015-4997-9A58-D3AD6696F8CB}.Release|Any CPU.Build.0 = Release|Any CPU
		{19850FBF-D482-4CC9-AF2C-F3386DDFE45A}.Debug|Any CPU.ActiveCfg = Debug|Any CPU
		{19850FBF-D482-4CC9-AF2C-F3386DDFE45A}.Debug|Any CPU.Build.0 = Debug|Any CPU
		{19850FBF-D482-4CC9-AF2C-F3386DDFE45A}.Release|Any CPU.ActiveCfg = Release|Any CPU
		{19850FBF-D482-4CC9-AF2C-F3386DDFE45A}.Release|Any CPU.Build.0 = Release|Any CPU
		{9B48199B-DB71-461B-AA94-FCE7A6E1C11C}.Debug|Any CPU.ActiveCfg = Debug|Any CPU
		{9B48199B-DB71-461B-AA94-FCE7A6E1C11C}.Debug|Any CPU.Build.0 = Debug|Any CPU
		{9B48199B-DB71-461B-AA94-FCE7A6E1C11C}.Release|Any CPU.ActiveCfg = Release|Any CPU
		{9B48199B-DB71-461B-AA94-FCE7A6E1C11C}.Release|Any CPU.Build.0 = Release|Any CPU
		{C3953581-9259-44A9-A54A-C6827DE01A41}.Debug|Any CPU.ActiveCfg = Debug|Any CPU
		{C3953581-9259-44A9-A54A-C6827DE01A41}.Debug|Any CPU.Build.0 = Debug|Any CPU
		{C3953581-9259-44A9-A54A-C6827DE01A41}.Release|Any CPU.ActiveCfg = Release|Any CPU
		{C3953581-9259-44A9-A54A-C6827DE01A41}.Release|Any CPU.Build.0 = Release|Any CPU
		{FF7E2D2E-ABCF-4835-81A4-C564C53311E9}.Debug|Any CPU.ActiveCfg = Debug|Any CPU
		{FF7E2D2E-ABCF-4835-81A4-C564C53311E9}.Debug|Any CPU.Build.0 = Debug|Any CPU
		{FF7E2D2E-ABCF-4835-81A4-C564C53311E9}.Release|Any CPU.ActiveCfg = Release|Any CPU
		{FF7E2D2E-ABCF-4835-81A4-C564C53311E9}.Release|Any CPU.Build.0 = Release|Any CPU
		{699B36DF-4699-43E1-81A4-91A2A0F6409A}.Debug|Any CPU.ActiveCfg = Debug|Any CPU
		{699B36DF-4699-43E1-81A4-91A2A0F6409A}.Debug|Any CPU.Build.0 = Debug|Any CPU
		{699B36DF-4699-43E1-81A4-91A2A0F6409A}.Release|Any CPU.ActiveCfg = Release|Any CPU
		{699B36DF-4699-43E1-81A4-91A2A0F6409A}.Release|Any CPU.Build.0 = Release|Any CPU
	EndGlobalSection
	GlobalSection(SolutionProperties) = preSolution
		HideSolutionNode = FALSE
	EndGlobalSection
	GlobalSection(ExtensibilityGlobals) = postSolution
		SolutionGuid = {250C7A07-02F8-4EBA-88B3-6BEDB910B655}
	EndGlobalSection
EndGlobal
